
Microsoft Visual Studio Solution File, Format Version 12.00
# Visual Studio Version 16
VisualStudioVersion = 16.0.30907.101
MinimumVisualStudioVersion = 10.0.40219.1
Project("{9A19103F-16F7-4668-BE54-9A1E7A4F7556}") = "ImuseSequencer", "ImuseSequencer\ImuseSequencer.csproj", "{4F4CC126-AA6C-4DB2-B6D5-069BFDDBF814}"
EndProject
Project("{9A19103F-16F7-4668-BE54-9A1E7A4F7556}") = "Jither.Midi", "Jither.Midi\Jither.Midi.csproj", "{6ABAD1B1-57A5-4920-ACCC-EF93ADA39797}"
EndProject
Project("{9A19103F-16F7-4668-BE54-9A1E7A4F7556}") = "Jither.Common", "..\Jither.Common\Jither.Common\Jither.Common.csproj", "{0CD48F03-8B17-4207-9D1E-389D948AF0A0}"
EndProject
Project("{FAE04EC0-301F-11D3-BF4B-00C04F79EFBC}") = "Jither.Imuse", "Jither.Imuse\Jither.Imuse.csproj", "{6558525F-10DF-4EFA-9D61-7C1A1C549A5D}"
EndProject
Global
	GlobalSection(SolutionConfigurationPlatforms) = preSolution
		Debug|Any CPU = Debug|Any CPU
		Release|Any CPU = Release|Any CPU
	EndGlobalSection
	GlobalSection(ProjectConfigurationPlatforms) = postSolution
		{4F4CC126-AA6C-4DB2-B6D5-069BFDDBF814}.Debug|Any CPU.ActiveCfg = Debug|Any CPU
		{4F4CC126-AA6C-4DB2-B6D5-069BFDDBF814}.Debug|Any CPU.Build.0 = Debug|Any CPU
		{4F4CC126-AA6C-4DB2-B6D5-069BFDDBF814}.Release|Any CPU.ActiveCfg = Release|Any CPU
		{4F4CC126-AA6C-4DB2-B6D5-069BFDDBF814}.Release|Any CPU.Build.0 = Release|Any CPU
		{6ABAD1B1-57A5-4920-ACCC-EF93ADA39797}.Debug|Any CPU.ActiveCfg = Debug|Any CPU
		{6ABAD1B1-57A5-4920-ACCC-EF93ADA39797}.Debug|Any CPU.Build.0 = Debug|Any CPU
		{6ABAD1B1-57A5-4920-ACCC-EF93ADA39797}.Release|Any CPU.ActiveCfg = Release|Any CPU
		{6ABAD1B1-57A5-4920-ACCC-EF93ADA39797}.Release|Any CPU.Build.0 = Release|Any CPU
		{0CD48F03-8B17-4207-9D1E-389D948AF0A0}.Debug|Any CPU.ActiveCfg = Debug|Any CPU
		{0CD48F03-8B17-4207-9D1E-389D948AF0A0}.Debug|Any CPU.Build.0 = Debug|Any CPU
		{0CD48F03-8B17-4207-9D1E-389D948AF0A0}.Release|Any CPU.ActiveCfg = Release|Any CPU
		{0CD48F03-8B17-4207-9D1E-389D948AF0A0}.Release|Any CPU.Build.0 = Release|Any CPU
		{6558525F-10DF-4EFA-9D61-7C1A1C549A5D}.Debug|Any CPU.ActiveCfg = Debug|Any CPU
		{6558525F-10DF-4EFA-9D61-7C1A1C549A5D}.Debug|Any CPU.Build.0 = Debug|Any CPU
		{6558525F-10DF-4EFA-9D61-7C1A1C549A5D}.Release|Any CPU.ActiveCfg = Release|Any CPU
		{6558525F-10DF-4EFA-9D61-7C1A1C549A5D}.Release|Any CPU.Build.0 = Release|Any CPU
	EndGlobalSection
	GlobalSection(SolutionProperties) = preSolution
		HideSolutionNode = FALSE
	EndGlobalSection
	GlobalSection(ExtensibilityGlobals) = postSolution
		SolutionGuid = {1077E228-2918-42C3-AC23-35DA2DDFD183}
	EndGlobalSection
EndGlobal
